
Microsoft Visual Studio Solution File, Format Version 12.00
# Visual Studio 15
VisualStudioVersion = 15.0.26403.7
MinimumVisualStudioVersion = 10.0.40219.1
Project("{9A19103F-16F7-4668-BE54-9A1E7A4F7556}") = "iot-device-demo", "iot-device-demo\iot-device-demo.csproj", "{C5418A60-5951-4561-9222-E9892EC28E1B}"
EndProject
Project("{9A19103F-16F7-4668-BE54-9A1E7A4F7556}") = "iot-device-sdk-csharp", "iot-device-sdk-csharp\iot-device-sdk-csharp.csproj", "{F067E2EE-007C-49D8-A692-6DA64B730ADB}"
EndProject
Project("{9A19103F-16F7-4668-BE54-9A1E7A4F7556}") = "iot-gateway-demo", "iot-gateway-demo\iot-gateway-demo.csproj", "{04EB6638-5F43-4A7F-82FC-0D834296B3F9}"
EndProject
Project("{9A19103F-16F7-4668-BE54-9A1E7A4F7556}") = "iot-device-feature-test", "iot-device-feature-test\iot-device-feature-test.csproj", "{70E2AD47-8583-4F2A-924B-879E744FA92C}"
EndProject
Project("{9A19103F-16F7-4668-BE54-9A1E7A4F7556}") = "iot-tcp-device-test", "iot-tcp-device-test\iot-tcp-device-test.csproj", "{8D8E987E-9F33-4C72-804F-41BCB9090976}"
EndProject
Project("{9A19103F-16F7-4668-BE54-9A1E7A4F7556}") = "iot-bridge-sdk", "iot-bridge-sdk\iot-bridge-sdk.csproj", "{550F514D-35C5-40C5-9CD9-AF360E309406}"
EndProject
Project("{9A19103F-16F7-4668-BE54-9A1E7A4F7556}") = "iot-bridge-sample-tcp-protocol", "iot-bridge-sample-tcp-protocol\iot-bridge-sample-tcp-protocol.csproj", "{75D1EFDE-C1BE-4E9B-8DFF-648BE79DDCC3}"
EndProject
Global
	GlobalSection(SolutionConfigurationPlatforms) = preSolution
		Debug|Any CPU = Debug|Any CPU
		Release|Any CPU = Release|Any CPU
	EndGlobalSection
	GlobalSection(ProjectConfigurationPlatforms) = postSolution
		{C5418A60-5951-4561-9222-E9892EC28E1B}.Debug|Any CPU.ActiveCfg = Debug|Any CPU
		{C5418A60-5951-4561-9222-E9892EC28E1B}.Debug|Any CPU.Build.0 = Debug|Any CPU
		{C5418A60-5951-4561-9222-E9892EC28E1B}.Release|Any CPU.ActiveCfg = Release|Any CPU
		{C5418A60-5951-4561-9222-E9892EC28E1B}.Release|Any CPU.Build.0 = Release|Any CPU
		{F067E2EE-007C-49D8-A692-6DA64B730ADB}.Debug|Any CPU.ActiveCfg = Debug|Any CPU
		{F067E2EE-007C-49D8-A692-6DA64B730ADB}.Debug|Any CPU.Build.0 = Debug|Any CPU
		{F067E2EE-007C-49D8-A692-6DA64B730ADB}.Release|Any CPU.ActiveCfg = Release|Any CPU
		{F067E2EE-007C-49D8-A692-6DA64B730ADB}.Release|Any CPU.Build.0 = Release|Any CPU
		{04EB6638-5F43-4A7F-82FC-0D834296B3F9}.Debug|Any CPU.ActiveCfg = Debug|Any CPU
		{04EB6638-5F43-4A7F-82FC-0D834296B3F9}.Debug|Any CPU.Build.0 = Debug|Any CPU
		{04EB6638-5F43-4A7F-82FC-0D834296B3F9}.Release|Any CPU.ActiveCfg = Release|Any CPU
		{04EB6638-5F43-4A7F-82FC-0D834296B3F9}.Release|Any CPU.Build.0 = Release|Any CPU
		{70E2AD47-8583-4F2A-924B-879E744FA92C}.Debug|Any CPU.ActiveCfg = Debug|Any CPU
		{70E2AD47-8583-4F2A-924B-879E744FA92C}.Debug|Any CPU.Build.0 = Debug|Any CPU
		{70E2AD47-8583-4F2A-924B-879E744FA92C}.Release|Any CPU.ActiveCfg = Release|Any CPU
		{70E2AD47-8583-4F2A-924B-879E744FA92C}.Release|Any CPU.Build.0 = Release|Any CPU
		{8D8E987E-9F33-4C72-804F-41BCB9090976}.Debug|Any CPU.ActiveCfg = Debug|Any CPU
		{8D8E987E-9F33-4C72-804F-41BCB9090976}.Debug|Any CPU.Build.0 = Debug|Any CPU
		{8D8E987E-9F33-4C72-804F-41BCB9090976}.Release|Any CPU.ActiveCfg = Release|Any CPU
		{8D8E987E-9F33-4C72-804F-41BCB9090976}.Release|Any CPU.Build.0 = Release|Any CPU
		{550F514D-35C5-40C5-9CD9-AF360E309406}.Debug|Any CPU.ActiveCfg = Debug|Any CPU
		{550F514D-35C5-40C5-9CD9-AF360E309406}.Debug|Any CPU.Build.0 = Debug|Any CPU
		{550F514D-35C5-40C5-9CD9-AF360E309406}.Release|Any CPU.ActiveCfg = Release|Any CPU
		{550F514D-35C5-40C5-9CD9-AF360E309406}.Release|Any CPU.Build.0 = Release|Any CPU
		{75D1EFDE-C1BE-4E9B-8DFF-648BE79DDCC3}.Debug|Any CPU.ActiveCfg = Debug|Any CPU
		{75D1EFDE-C1BE-4E9B-8DFF-648BE79DDCC3}.Debug|Any CPU.Build.0 = Debug|Any CPU
		{75D1EFDE-C1BE-4E9B-8DFF-648BE79DDCC3}.Release|Any CPU.ActiveCfg = Release|Any CPU
		{75D1EFDE-C1BE-4E9B-8DFF-648BE79DDCC3}.Release|Any CPU.Build.0 = Release|Any CPU
	EndGlobalSection
	GlobalSection(SolutionProperties) = preSolution
		HideSolutionNode = FALSE
	EndGlobalSection
	GlobalSection(ExtensibilityGlobals) = postSolution
		SolutionGuid = {01B52D60-6E01-4433-BC00-CECD959081CD}
	EndGlobalSection
EndGlobal
