
Microsoft Visual Studio Solution File, Format Version 12.00
# Visual Studio 15
VisualStudioVersion = 15.0.26403.7
MinimumVisualStudioVersion = 10.0.40219.1
Project("{FAE04EC0-301F-11D3-BF4B-00C04F79EFBC}") = "iot-device-sdk-csharp", "iot-device-sdk-csharp\iot-device-sdk-csharp.csproj", "{9023DE49-1720-40EC-BDF1-CB74D02EAB3C}"
EndProject
Project("{FAE04EC0-301F-11D3-BF4B-00C04F79EFBC}") = "iot-device-demo", "iot-device-demo\iot-device-demo.csproj", "{41953745-F28E-4E76-9958-ADC823F5248B}"
EndProject
Project("{FAE04EC0-301F-11D3-BF4B-00C04F79EFBC}") = "iot-gateway-demo", "iot-gateway-demo\iot-gateway-demo.csproj", "{D528DFAC-F1A2-4A6E-B3D3-DB53C8DC1C8D}"
EndProject
Project("{FAE04EC0-301F-11D3-BF4B-00C04F79EFBC}") = "iot-device-feature-test", "iot-device-feature-test\iot-device-feature-test.csproj", "{C1413599-D214-4140-A748-8A717FBBAB83}"
EndProject
Global
	GlobalSection(SolutionConfigurationPlatforms) = preSolution
		Debug|Any CPU = Debug|Any CPU
		Release|Any CPU = Release|Any CPU
	EndGlobalSection
	GlobalSection(ProjectConfigurationPlatforms) = postSolution
		{9023DE49-1720-40EC-BDF1-CB74D02EAB3C}.Debug|Any CPU.ActiveCfg = Debug|Any CPU
		{9023DE49-1720-40EC-BDF1-CB74D02EAB3C}.Debug|Any CPU.Build.0 = Debug|Any CPU
		{9023DE49-1720-40EC-BDF1-CB74D02EAB3C}.Release|Any CPU.ActiveCfg = Release|Any CPU
		{9023DE49-1720-40EC-BDF1-CB74D02EAB3C}.Release|Any CPU.Build.0 = Release|Any CPU
		{41953745-F28E-4E76-9958-ADC823F5248B}.Debug|Any CPU.ActiveCfg = Debug|Any CPU
		{41953745-F28E-4E76-9958-ADC823F5248B}.Debug|Any CPU.Build.0 = Debug|Any CPU
		{41953745-F28E-4E76-9958-ADC823F5248B}.Release|Any CPU.ActiveCfg = Release|Any CPU
		{41953745-F28E-4E76-9958-ADC823F5248B}.Release|Any CPU.Build.0 = Release|Any CPU
		{D528DFAC-F1A2-4A6E-B3D3-DB53C8DC1C8D}.Debug|Any CPU.ActiveCfg = Debug|Any CPU
		{D528DFAC-F1A2-4A6E-B3D3-DB53C8DC1C8D}.Debug|Any CPU.Build.0 = Debug|Any CPU
		{D528DFAC-F1A2-4A6E-B3D3-DB53C8DC1C8D}.Release|Any CPU.ActiveCfg = Release|Any CPU
		{D528DFAC-F1A2-4A6E-B3D3-DB53C8DC1C8D}.Release|Any CPU.Build.0 = Release|Any CPU
		{C1413599-D214-4140-A748-8A717FBBAB83}.Debug|Any CPU.ActiveCfg = Debug|Any CPU
		{C1413599-D214-4140-A748-8A717FBBAB83}.Debug|Any CPU.Build.0 = Debug|Any CPU
		{C1413599-D214-4140-A748-8A717FBBAB83}.Release|Any CPU.ActiveCfg = Release|Any CPU
		{C1413599-D214-4140-A748-8A717FBBAB83}.Release|Any CPU.Build.0 = Release|Any CPU
	EndGlobalSection
	GlobalSection(SolutionProperties) = preSolution
		HideSolutionNode = FALSE
	EndGlobalSection
EndGlobal
