
Microsoft Visual Studio Solution File, Format Version 12.00
# Visual Studio 15
VisualStudioVersion = 15.0.26403.7
MinimumVisualStudioVersion = 10.0.40219.1
Project("{9A19103F-16F7-4668-BE54-9A1E7A4F7556}") = "iot-device-demo", "iot-device-demo\iot-device-demo.csproj", "{C5418A60-5951-4561-9222-E9892EC28E1B}"
EndProject
Project("{9A19103F-16F7-4668-BE54-9A1E7A4F7556}") = "iot-device-sdk-csharp", "iot-device-sdk-csharp\iot-device-sdk-csharp.csproj", "{F067E2EE-007C-49D8-A692-6DA64B730ADB}"
EndProject
Project("{9A19103F-16F7-4668-BE54-9A1E7A4F7556}") = "iot-tcp-device", "iot-tcp-device\iot-tcp-device.csproj", "{8D8E987E-9F33-4C72-804F-41BCB9090976}"
EndProject
Project("{9A19103F-16F7-4668-BE54-9A1E7A4F7556}") = "iot-bridge-sdk", "iot-bridge-sdk\iot-bridge-sdk.csproj", "{47D7C1F3-EF66-4292-A213-73A223444D0B}"
EndProject
Global
	GlobalSection(SolutionConfigurationPlatforms) = preSolution
		Debug|Any CPU = Debug|Any CPU
		Release|Any CPU = Release|Any CPU
	EndGlobalSection
	GlobalSection(ProjectConfigurationPlatforms) = postSolution
		{C5418A60-5951-4561-9222-E9892EC28E1B}.Debug|Any CPU.ActiveCfg = Debug|Any CPU
		{C5418A60-5951-4561-9222-E9892EC28E1B}.Debug|Any CPU.Build.0 = Debug|Any CPU
		{C5418A60-5951-4561-9222-E9892EC28E1B}.Release|Any CPU.ActiveCfg = Release|Any CPU
		{C5418A60-5951-4561-9222-E9892EC28E1B}.Release|Any CPU.Build.0 = Release|Any CPU
		{F067E2EE-007C-49D8-A692-6DA64B730ADB}.Debug|Any CPU.ActiveCfg = Debug|Any CPU
		{F067E2EE-007C-49D8-A692-6DA64B730ADB}.Debug|Any CPU.Build.0 = Debug|Any CPU
		{F067E2EE-007C-49D8-A692-6DA64B730ADB}.Release|Any CPU.ActiveCfg = Release|Any CPU
		{F067E2EE-007C-49D8-A692-6DA64B730ADB}.Release|Any CPU.Build.0 = Release|Any CPU
		{8D8E987E-9F33-4C72-804F-41BCB9090976}.Debug|Any CPU.ActiveCfg = Debug|Any CPU
		{8D8E987E-9F33-4C72-804F-41BCB9090976}.Debug|Any CPU.Build.0 = Debug|Any CPU
		{8D8E987E-9F33-4C72-804F-41BCB9090976}.Release|Any CPU.ActiveCfg = Release|Any CPU
		{8D8E987E-9F33-4C72-804F-41BCB9090976}.Release|Any CPU.Build.0 = Release|Any CPU
		{47D7C1F3-EF66-4292-A213-73A223444D0B}.Debug|Any CPU.ActiveCfg = Debug|Any CPU
		{47D7C1F3-EF66-4292-A213-73A223444D0B}.Debug|Any CPU.Build.0 = Debug|Any CPU
		{47D7C1F3-EF66-4292-A213-73A223444D0B}.Release|Any CPU.ActiveCfg = Release|Any CPU
		{47D7C1F3-EF66-4292-A213-73A223444D0B}.Release|Any CPU.Build.0 = Release|Any CPU
	EndGlobalSection
	GlobalSection(SolutionProperties) = preSolution
		HideSolutionNode = FALSE
	EndGlobalSection
	GlobalSection(ExtensibilityGlobals) = postSolution
		SolutionGuid = {01B52D60-6E01-4433-BC00-CECD959081CD}
	EndGlobalSection
EndGlobal
